
Microsoft Visual Studio Solution File, Format Version 12.00
# Visual Studio Version 17
VisualStudioVersion = 17.5.33516.290
MinimumVisualStudioVersion = 10.0.40219.1
Project("{FAE04EC0-301F-11D3-BF4B-00C04F79EFBC}") = "MultiThreadedUnitOfWork", "MultiThreadedUnitOfWork\MultiThreadedUnitOfWork.csproj", "{05322FEF-3AFD-4406-A2AD-A28D77A32E7F}"
EndProject
Project("{FAE04EC0-301F-11D3-BF4B-00C04F79EFBC}") = "MultiThreadedUnitOfWork.Tests", "MultiThreadedUnitOfWork.Tests\MultiThreadedUnitOfWork.Tests.csproj", "{423F7833-66BD-46E2-8CF6-33C8A8B98F22}"
EndProject
Global
	GlobalSection(SolutionConfigurationPlatforms) = preSolution
		Debug|Any CPU = Debug|Any CPU
		Release|Any CPU = Release|Any CPU
	EndGlobalSection
	GlobalSection(ProjectConfigurationPlatforms) = postSolution
		{05322FEF-3AFD-4406-A2AD-A28D77A32E7F}.Debug|Any CPU.ActiveCfg = Debug|Any CPU
		{05322FEF-3AFD-4406-A2AD-A28D77A32E7F}.Debug|Any CPU.Build.0 = Debug|Any CPU
		{05322FEF-3AFD-4406-A2AD-A28D77A32E7F}.Release|Any CPU.ActiveCfg = Release|Any CPU
		{05322FEF-3AFD-4406-A2AD-A28D77A32E7F}.Release|Any CPU.Build.0 = Release|Any CPU
		{423F7833-66BD-46E2-8CF6-33C8A8B98F22}.Debug|Any CPU.ActiveCfg = Debug|Any CPU
		{423F7833-66BD-46E2-8CF6-33C8A8B98F22}.Debug|Any CPU.Build.0 = Debug|Any CPU
		{423F7833-66BD-46E2-8CF6-33C8A8B98F22}.Release|Any CPU.ActiveCfg = Release|Any CPU
		{423F7833-66BD-46E2-8CF6-33C8A8B98F22}.Release|Any CPU.Build.0 = Release|Any CPU
	EndGlobalSection
	GlobalSection(SolutionProperties) = preSolution
		HideSolutionNode = FALSE
	EndGlobalSection
	GlobalSection(ExtensibilityGlobals) = postSolution
		SolutionGuid = {78F568AD-AB73-4F78-9B99-46600789FF9C}
	EndGlobalSection
EndGlobal
